{
  "object": {
    "pins": [
      {
        "package": "Swim",
        "repositoryURL": "https://github.com/es-kumagai/Swim",
        "state": {
          "branch": "master",
          "revision": "4b3c8ace56627845ce3ba183f4611e31129e4b06",
          "version": null
        }
      }
    ]
  },
  "version": 1
}
