{
  "object": {
    "pins": [
      {
        "package": "Swim",
        "repositoryURL": "https://github.com/es-kumagai/Swim",
        "state": {
          "branch": null,
          "revision": "d9dd72758e97b496a6a014657226699059722812",
          "version": "0.1.0"
        }
      }
    ]
  },
  "version": 1
}
