// !$*UTF8*$!
{
	archiveVersion = 1;
	classes = {
	};
	objectVersion = 46;
	objects = {

/* Begin PBXAggregateTarget section */
		"Ocean::OceanPackageTests::ProductTarget" /* OceanPackageTests */ = {
			isa = PBXAggregateTarget;
			buildConfigurationList = OBJ_56 /* Build configuration list for PBXAggregateTarget "OceanPackageTests" */;
			buildPhases = (
			);
			dependencies = (
				OBJ_59 /* PBXTargetDependency */,
			);
			name = OceanPackageTests;
			productName = OceanPackageTests;
		};
/* End PBXAggregateTarget section */

/* Begin PBXBuildFile section */
		OBJ_37 /* Date.swift in Sources */ = {isa = PBXBuildFile; fileRef = OBJ_9 /* Date.swift */; };
		OBJ_38 /* Notification.swift in Sources */ = {isa = PBXBuildFile; fileRef = OBJ_10 /* Notification.swift */; };
		OBJ_39 /* NotificationHandlers.swift in Sources */ = {isa = PBXBuildFile; fileRef = OBJ_11 /* NotificationHandlers.swift */; };
		OBJ_40 /* NotificationObserve.swift in Sources */ = {isa = PBXBuildFile; fileRef = OBJ_12 /* NotificationObserve.swift */; };
		OBJ_41 /* NotificationPost.swift in Sources */ = {isa = PBXBuildFile; fileRef = OBJ_13 /* NotificationPost.swift */; };
		OBJ_42 /* NotificationToken.swift in Sources */ = {isa = PBXBuildFile; fileRef = OBJ_14 /* NotificationToken.swift */; };
		OBJ_43 /* Predicate.swift in Sources */ = {isa = PBXBuildFile; fileRef = OBJ_15 /* Predicate.swift */; };
		OBJ_44 /* ReferenceCounter.swift in Sources */ = {isa = PBXBuildFile; fileRef = OBJ_16 /* ReferenceCounter.swift */; };
		OBJ_46 /* Swim.framework in Frameworks */ = {isa = PBXBuildFile; fileRef = "Swim::Swim::Product" /* Swim.framework */; };
		OBJ_54 /* Package.swift in Sources */ = {isa = PBXBuildFile; fileRef = OBJ_6 /* Package.swift */; };
		OBJ_65 /* NotificationTests.swift in Sources */ = {isa = PBXBuildFile; fileRef = OBJ_19 /* NotificationTests.swift */; };
		OBJ_67 /* Ocean.framework in Frameworks */ = {isa = PBXBuildFile; fileRef = "Ocean::Ocean::Product" /* Ocean.framework */; };
		OBJ_68 /* Swim.framework in Frameworks */ = {isa = PBXBuildFile; fileRef = "Swim::Swim::Product" /* Swim.framework */; };
		OBJ_75 /* LinkedList.swift in Sources */ = {isa = PBXBuildFile; fileRef = OBJ_25 /* LinkedList.swift */; };
		OBJ_76 /* Range.swift in Sources */ = {isa = PBXBuildFile; fileRef = OBJ_26 /* Range.swift */; };
		OBJ_83 /* Package.swift in Sources */ = {isa = PBXBuildFile; fileRef = OBJ_27 /* Package.swift */; };
/* End PBXBuildFile section */

/* Begin PBXContainerItemProxy section */
		B12089B920C90D87000ECFD7 /* PBXContainerItemProxy */ = {
			isa = PBXContainerItemProxy;
			containerPortal = OBJ_1 /* Project object */;
			proxyType = 1;
			remoteGlobalIDString = "Swim::Swim";
			remoteInfo = Swim;
		};
		B12089BA20C90D87000ECFD7 /* PBXContainerItemProxy */ = {
			isa = PBXContainerItemProxy;
			containerPortal = OBJ_1 /* Project object */;
			proxyType = 1;
			remoteGlobalIDString = "Ocean::Ocean";
			remoteInfo = Ocean;
		};
		B12089BB20C90D87000ECFD7 /* PBXContainerItemProxy */ = {
			isa = PBXContainerItemProxy;
			containerPortal = OBJ_1 /* Project object */;
			proxyType = 1;
			remoteGlobalIDString = "Swim::Swim";
			remoteInfo = Swim;
		};
		B12089BC20C90D88000ECFD7 /* PBXContainerItemProxy */ = {
			isa = PBXContainerItemProxy;
			containerPortal = OBJ_1 /* Project object */;
			proxyType = 1;
			remoteGlobalIDString = "Ocean::OceanTests";
			remoteInfo = OceanTests;
		};
/* End PBXContainerItemProxy section */

/* Begin PBXFileReference section */
		B12089BD20C90EEB000ECFD7 /* README.md */ = {isa = PBXFileReference; lastKnownFileType = net.daringfireball.markdown; path = README.md; sourceTree = "<group>"; };
		OBJ_10 /* Notification.swift */ = {isa = PBXFileReference; lastKnownFileType = sourcecode.swift; path = Notification.swift; sourceTree = "<group>"; };
		OBJ_11 /* NotificationHandlers.swift */ = {isa = PBXFileReference; lastKnownFileType = sourcecode.swift; path = NotificationHandlers.swift; sourceTree = "<group>"; };
		OBJ_12 /* NotificationObserve.swift */ = {isa = PBXFileReference; lastKnownFileType = sourcecode.swift; path = NotificationObserve.swift; sourceTree = "<group>"; };
		OBJ_13 /* NotificationPost.swift */ = {isa = PBXFileReference; lastKnownFileType = sourcecode.swift; path = NotificationPost.swift; sourceTree = "<group>"; };
		OBJ_14 /* NotificationToken.swift */ = {isa = PBXFileReference; lastKnownFileType = sourcecode.swift; path = NotificationToken.swift; sourceTree = "<group>"; };
		OBJ_15 /* Predicate.swift */ = {isa = PBXFileReference; lastKnownFileType = sourcecode.swift; path = Predicate.swift; sourceTree = "<group>"; };
		OBJ_16 /* ReferenceCounter.swift */ = {isa = PBXFileReference; lastKnownFileType = sourcecode.swift; path = ReferenceCounter.swift; sourceTree = "<group>"; };
		OBJ_19 /* NotificationTests.swift */ = {isa = PBXFileReference; lastKnownFileType = sourcecode.swift; path = NotificationTests.swift; sourceTree = "<group>"; };
		OBJ_25 /* LinkedList.swift */ = {isa = PBXFileReference; lastKnownFileType = sourcecode.swift; path = LinkedList.swift; sourceTree = "<group>"; };
		OBJ_26 /* Range.swift */ = {isa = PBXFileReference; lastKnownFileType = sourcecode.swift; path = Range.swift; sourceTree = "<group>"; };
		OBJ_27 /* Package.swift */ = {isa = PBXFileReference; explicitFileType = sourcecode.swift; name = Package.swift; path = "/Users/tomohiro/Documents/Xcode/Libraries/Ocean/.build/checkouts/Swim-2253645609750282078/Package.swift"; sourceTree = "<group>"; };
		OBJ_6 /* Package.swift */ = {isa = PBXFileReference; explicitFileType = sourcecode.swift; path = Package.swift; sourceTree = "<group>"; };
		OBJ_9 /* Date.swift */ = {isa = PBXFileReference; lastKnownFileType = sourcecode.swift; path = Date.swift; sourceTree = "<group>"; };
		"Ocean::Ocean::Product" /* Ocean.framework */ = {isa = PBXFileReference; explicitFileType = wrapper.framework; path = Ocean.framework; sourceTree = BUILT_PRODUCTS_DIR; };
		"Ocean::OceanTests::Product" /* OceanTests.xctest */ = {isa = PBXFileReference; lastKnownFileType = file; path = OceanTests.xctest; sourceTree = BUILT_PRODUCTS_DIR; };
		"Swim::Swim::Product" /* Swim.framework */ = {isa = PBXFileReference; explicitFileType = wrapper.framework; path = Swim.framework; sourceTree = BUILT_PRODUCTS_DIR; };
/* End PBXFileReference section */

/* Begin PBXFrameworksBuildPhase section */
		OBJ_45 /* Frameworks */ = {
			isa = PBXFrameworksBuildPhase;
			buildActionMask = 0;
			files = (
				OBJ_46 /* Swim.framework in Frameworks */,
			);
			runOnlyForDeploymentPostprocessing = 0;
		};
		OBJ_66 /* Frameworks */ = {
			isa = PBXFrameworksBuildPhase;
			buildActionMask = 0;
			files = (
				OBJ_67 /* Ocean.framework in Frameworks */,
				OBJ_68 /* Swim.framework in Frameworks */,
			);
			runOnlyForDeploymentPostprocessing = 0;
		};
		OBJ_77 /* Frameworks */ = {
			isa = PBXFrameworksBuildPhase;
			buildActionMask = 0;
			files = (
			);
			runOnlyForDeploymentPostprocessing = 0;
		};
/* End PBXFrameworksBuildPhase section */

/* Begin PBXGroup section */
		OBJ_17 /* Tests */ = {
			isa = PBXGroup;
			children = (
				OBJ_18 /* OceanTests */,
			);
			name = Tests;
			sourceTree = SOURCE_ROOT;
		};
		OBJ_18 /* OceanTests */ = {
			isa = PBXGroup;
			children = (
				OBJ_19 /* NotificationTests.swift */,
			);
			name = OceanTests;
			path = Tests/OceanTests;
			sourceTree = SOURCE_ROOT;
		};
		OBJ_22 /* Dependencies */ = {
			isa = PBXGroup;
			children = (
				OBJ_23 /* Swim */,
			);
			name = Dependencies;
			sourceTree = "<group>";
		};
		OBJ_23 /* Swim */ = {
			isa = PBXGroup;
			children = (
				OBJ_24 /* Swim */,
				OBJ_27 /* Package.swift */,
			);
			name = Swim;
			sourceTree = SOURCE_ROOT;
		};
		OBJ_24 /* Swim */ = {
			isa = PBXGroup;
			children = (
				OBJ_25 /* LinkedList.swift */,
				OBJ_26 /* Range.swift */,
			);
			name = Swim;
			path = ".build/checkouts/Swim-2253645609750282078/Sources/Swim";
			sourceTree = SOURCE_ROOT;
		};
		OBJ_28 /* Products */ = {
			isa = PBXGroup;
			children = (
				"Ocean::OceanTests::Product" /* OceanTests.xctest */,
				"Ocean::Ocean::Product" /* Ocean.framework */,
				"Swim::Swim::Product" /* Swim.framework */,
			);
			name = Products;
			sourceTree = BUILT_PRODUCTS_DIR;
		};
		OBJ_5 = {
			isa = PBXGroup;
			children = (
				B12089BD20C90EEB000ECFD7 /* README.md */,
				OBJ_6 /* Package.swift */,
				OBJ_7 /* Sources */,
				OBJ_17 /* Tests */,
				OBJ_22 /* Dependencies */,
				OBJ_28 /* Products */,
			);
			sourceTree = "<group>";
		};
		OBJ_7 /* Sources */ = {
			isa = PBXGroup;
			children = (
				OBJ_8 /* Ocean */,
			);
			name = Sources;
			sourceTree = SOURCE_ROOT;
		};
		OBJ_8 /* Ocean */ = {
			isa = PBXGroup;
			children = (
				OBJ_9 /* Date.swift */,
				OBJ_10 /* Notification.swift */,
				OBJ_11 /* NotificationHandlers.swift */,
				OBJ_12 /* NotificationObserve.swift */,
				OBJ_13 /* NotificationPost.swift */,
				OBJ_14 /* NotificationToken.swift */,
				OBJ_15 /* Predicate.swift */,
				OBJ_16 /* ReferenceCounter.swift */,
			);
			name = Ocean;
			path = Sources/Ocean;
			sourceTree = SOURCE_ROOT;
		};
/* End PBXGroup section */

/* Begin PBXNativeTarget section */
		"Ocean::Ocean" /* Ocean */ = {
			isa = PBXNativeTarget;
			buildConfigurationList = OBJ_33 /* Build configuration list for PBXNativeTarget "Ocean" */;
			buildPhases = (
				OBJ_36 /* Sources */,
				OBJ_45 /* Frameworks */,
			);
			buildRules = (
			);
			dependencies = (
				OBJ_47 /* PBXTargetDependency */,
			);
			name = Ocean;
			productName = Ocean;
			productReference = "Ocean::Ocean::Product" /* Ocean.framework */;
			productType = "com.apple.product-type.framework";
		};
		"Ocean::OceanTests" /* OceanTests */ = {
			isa = PBXNativeTarget;
			buildConfigurationList = OBJ_61 /* Build configuration list for PBXNativeTarget "OceanTests" */;
			buildPhases = (
				OBJ_64 /* Sources */,
				OBJ_66 /* Frameworks */,
			);
			buildRules = (
			);
			dependencies = (
				OBJ_69 /* PBXTargetDependency */,
				OBJ_70 /* PBXTargetDependency */,
			);
			name = OceanTests;
			productName = OceanTests;
			productReference = "Ocean::OceanTests::Product" /* OceanTests.xctest */;
			productType = "com.apple.product-type.bundle.unit-test";
		};
		"Ocean::SwiftPMPackageDescription" /* OceanPackageDescription */ = {
			isa = PBXNativeTarget;
			buildConfigurationList = OBJ_50 /* Build configuration list for PBXNativeTarget "OceanPackageDescription" */;
			buildPhases = (
				OBJ_53 /* Sources */,
			);
			buildRules = (
			);
			dependencies = (
			);
			name = OceanPackageDescription;
			productName = OceanPackageDescription;
			productType = "com.apple.product-type.framework";
		};
		"Swim::SwiftPMPackageDescription" /* SwimPackageDescription */ = {
			isa = PBXNativeTarget;
			buildConfigurationList = OBJ_79 /* Build configuration list for PBXNativeTarget "SwimPackageDescription" */;
			buildPhases = (
				OBJ_82 /* Sources */,
			);
			buildRules = (
			);
			dependencies = (
			);
			name = SwimPackageDescription;
			productName = SwimPackageDescription;
			productType = "com.apple.product-type.framework";
		};
		"Swim::Swim" /* Swim */ = {
			isa = PBXNativeTarget;
			buildConfigurationList = OBJ_71 /* Build configuration list for PBXNativeTarget "Swim" */;
			buildPhases = (
				OBJ_74 /* Sources */,
				OBJ_77 /* Frameworks */,
			);
			buildRules = (
			);
			dependencies = (
			);
			name = Swim;
			productName = Swim;
			productReference = "Swim::Swim::Product" /* Swim.framework */;
			productType = "com.apple.product-type.framework";
		};
/* End PBXNativeTarget section */

/* Begin PBXProject section */
		OBJ_1 /* Project object */ = {
			isa = PBXProject;
			attributes = {
				LastUpgradeCheck = 9999;
			};
			buildConfigurationList = OBJ_2 /* Build configuration list for PBXProject "Ocean" */;
			compatibilityVersion = "Xcode 3.2";
			developmentRegion = English;
			hasScannedForEncodings = 0;
			knownRegions = (
				en,
			);
			mainGroup = OBJ_5;
			productRefGroup = OBJ_28 /* Products */;
			projectDirPath = "";
			projectRoot = "";
			targets = (
				"Ocean::Ocean" /* Ocean */,
				"Ocean::SwiftPMPackageDescription" /* OceanPackageDescription */,
				"Ocean::OceanPackageTests::ProductTarget" /* OceanPackageTests */,
				"Ocean::OceanTests" /* OceanTests */,
				"Swim::Swim" /* Swim */,
				"Swim::SwiftPMPackageDescription" /* SwimPackageDescription */,
			);
		};
/* End PBXProject section */

/* Begin PBXSourcesBuildPhase section */
		OBJ_36 /* Sources */ = {
			isa = PBXSourcesBuildPhase;
			buildActionMask = 0;
			files = (
				OBJ_37 /* Date.swift in Sources */,
				OBJ_38 /* Notification.swift in Sources */,
				OBJ_39 /* NotificationHandlers.swift in Sources */,
				OBJ_40 /* NotificationObserve.swift in Sources */,
				OBJ_41 /* NotificationPost.swift in Sources */,
				OBJ_42 /* NotificationToken.swift in Sources */,
				OBJ_43 /* Predicate.swift in Sources */,
				OBJ_44 /* ReferenceCounter.swift in Sources */,
			);
			runOnlyForDeploymentPostprocessing = 0;
		};
		OBJ_53 /* Sources */ = {
			isa = PBXSourcesBuildPhase;
			buildActionMask = 0;
			files = (
				OBJ_54 /* Package.swift in Sources */,
			);
			runOnlyForDeploymentPostprocessing = 0;
		};
		OBJ_64 /* Sources */ = {
			isa = PBXSourcesBuildPhase;
			buildActionMask = 0;
			files = (
				OBJ_65 /* NotificationTests.swift in Sources */,
			);
			runOnlyForDeploymentPostprocessing = 0;
		};
		OBJ_74 /* Sources */ = {
			isa = PBXSourcesBuildPhase;
			buildActionMask = 0;
			files = (
				OBJ_75 /* LinkedList.swift in Sources */,
				OBJ_76 /* Range.swift in Sources */,
			);
			runOnlyForDeploymentPostprocessing = 0;
		};
		OBJ_82 /* Sources */ = {
			isa = PBXSourcesBuildPhase;
			buildActionMask = 0;
			files = (
				OBJ_83 /* Package.swift in Sources */,
			);
			runOnlyForDeploymentPostprocessing = 0;
		};
/* End PBXSourcesBuildPhase section */

/* Begin PBXTargetDependency section */
		OBJ_47 /* PBXTargetDependency */ = {
			isa = PBXTargetDependency;
			target = "Swim::Swim" /* Swim */;
			targetProxy = B12089B920C90D87000ECFD7 /* PBXContainerItemProxy */;
		};
		OBJ_59 /* PBXTargetDependency */ = {
			isa = PBXTargetDependency;
			target = "Ocean::OceanTests" /* OceanTests */;
			targetProxy = B12089BC20C90D88000ECFD7 /* PBXContainerItemProxy */;
		};
		OBJ_69 /* PBXTargetDependency */ = {
			isa = PBXTargetDependency;
			target = "Ocean::Ocean" /* Ocean */;
			targetProxy = B12089BA20C90D87000ECFD7 /* PBXContainerItemProxy */;
		};
		OBJ_70 /* PBXTargetDependency */ = {
			isa = PBXTargetDependency;
			target = "Swim::Swim" /* Swim */;
			targetProxy = B12089BB20C90D87000ECFD7 /* PBXContainerItemProxy */;
		};
/* End PBXTargetDependency section */

/* Begin XCBuildConfiguration section */
		OBJ_3 /* Debug */ = {
			isa = XCBuildConfiguration;
			buildSettings = {
				CLANG_ENABLE_OBJC_ARC = YES;
				COMBINE_HIDPI_IMAGES = YES;
				COPY_PHASE_STRIP = NO;
				DEBUG_INFORMATION_FORMAT = dwarf;
				DYLIB_INSTALL_NAME_BASE = "@rpath";
				ENABLE_NS_ASSERTIONS = YES;
				GCC_OPTIMIZATION_LEVEL = 0;
				GCC_PREPROCESSOR_DEFINITIONS = (
					"DEBUG=1",
					"$(inherited)",
				);
				MACOSX_DEPLOYMENT_TARGET = 10.10;
				ONLY_ACTIVE_ARCH = YES;
				OTHER_SWIFT_FLAGS = "-DXcode";
				PRODUCT_NAME = "$(TARGET_NAME)";
				SDKROOT = macosx;
				SUPPORTED_PLATFORMS = "macosx iphoneos iphonesimulator appletvos appletvsimulator watchos watchsimulator";
				SWIFT_ACTIVE_COMPILATION_CONDITIONS = DEBUG;
				SWIFT_OPTIMIZATION_LEVEL = "-Onone";
				USE_HEADERMAP = NO;
			};
			name = Debug;
		};
		OBJ_34 /* Debug */ = {
			isa = XCBuildConfiguration;
			buildSettings = {
				ENABLE_TESTABILITY = YES;
				FRAMEWORK_SEARCH_PATHS = (
					"$(inherited)",
					"$(PLATFORM_DIR)/Developer/Library/Frameworks",
				);
				HEADER_SEARCH_PATHS = "$(inherited)";
				INFOPLIST_FILE = Ocean.xcodeproj/Ocean_Info.plist;
				LD_RUNPATH_SEARCH_PATHS = "$(inherited) $(TOOLCHAIN_DIR)/usr/lib/swift/macosx";
				OTHER_CFLAGS = "$(inherited)";
				OTHER_LDFLAGS = "$(inherited)";
				OTHER_SWIFT_FLAGS = "$(inherited)";
				PRODUCT_BUNDLE_IDENTIFIER = Ocean;
				PRODUCT_MODULE_NAME = "$(TARGET_NAME:c99extidentifier)";
				PRODUCT_NAME = "$(TARGET_NAME:c99extidentifier)";
				SKIP_INSTALL = YES;
				SWIFT_ACTIVE_COMPILATION_CONDITIONS = "$(inherited)";
				SWIFT_VERSION = 4.2.0;
				TARGET_NAME = Ocean;
			};
			name = Debug;
		};
		OBJ_35 /* Release */ = {
			isa = XCBuildConfiguration;
			buildSettings = {
				ENABLE_TESTABILITY = YES;
				FRAMEWORK_SEARCH_PATHS = (
					"$(inherited)",
					"$(PLATFORM_DIR)/Developer/Library/Frameworks",
				);
				HEADER_SEARCH_PATHS = "$(inherited)";
				INFOPLIST_FILE = Ocean.xcodeproj/Ocean_Info.plist;
				LD_RUNPATH_SEARCH_PATHS = "$(inherited) $(TOOLCHAIN_DIR)/usr/lib/swift/macosx";
				OTHER_CFLAGS = "$(inherited)";
				OTHER_LDFLAGS = "$(inherited)";
				OTHER_SWIFT_FLAGS = "$(inherited)";
				PRODUCT_BUNDLE_IDENTIFIER = Ocean;
				PRODUCT_MODULE_NAME = "$(TARGET_NAME:c99extidentifier)";
				PRODUCT_NAME = "$(TARGET_NAME:c99extidentifier)";
				SKIP_INSTALL = YES;
				SWIFT_ACTIVE_COMPILATION_CONDITIONS = "$(inherited)";
				SWIFT_VERSION = 4.2.0;
				TARGET_NAME = Ocean;
			};
			name = Release;
		};
		OBJ_4 /* Release */ = {
			isa = XCBuildConfiguration;
			buildSettings = {
				CLANG_ENABLE_OBJC_ARC = YES;
				COMBINE_HIDPI_IMAGES = YES;
				COPY_PHASE_STRIP = YES;
				DEBUG_INFORMATION_FORMAT = "dwarf-with-dsym";
				DYLIB_INSTALL_NAME_BASE = "@rpath";
				GCC_OPTIMIZATION_LEVEL = s;
				MACOSX_DEPLOYMENT_TARGET = 10.10;
				OTHER_SWIFT_FLAGS = "-DXcode";
				PRODUCT_NAME = "$(TARGET_NAME)";
				SDKROOT = macosx;
				SUPPORTED_PLATFORMS = "macosx iphoneos iphonesimulator appletvos appletvsimulator watchos watchsimulator";
				SWIFT_ACTIVE_COMPILATION_CONDITIONS = SWIFT_PACKAGE;
				SWIFT_OPTIMIZATION_LEVEL = "-Owholemodule";
				USE_HEADERMAP = NO;
			};
			name = Release;
		};
		OBJ_51 /* Debug */ = {
			isa = XCBuildConfiguration;
			buildSettings = {
				LD = /usr/bin/true;
				OTHER_SWIFT_FLAGS = "-swift-version 4.2 -I $(TOOLCHAIN_DIR)/usr/lib/swift/pm/4_2 -target x86_64-apple-macosx10.10 -sdk /Users/tomohiro/Applications/Xcode-beta.app/Contents/Developer/Platforms/MacOSX.platform/Developer/SDKs/MacOSX10.14.sdk";
				SWIFT_VERSION = 4_2.0;
			};
			name = Debug;
		};
		OBJ_52 /* Release */ = {
			isa = XCBuildConfiguration;
			buildSettings = {
				LD = /usr/bin/true;
				OTHER_SWIFT_FLAGS = "-swift-version 4.2 -I $(TOOLCHAIN_DIR)/usr/lib/swift/pm/4_2 -target x86_64-apple-macosx10.10 -sdk /Users/tomohiro/Applications/Xcode-beta.app/Contents/Developer/Platforms/MacOSX.platform/Developer/SDKs/MacOSX10.14.sdk";
				SWIFT_VERSION = 4_2.0;
			};
			name = Release;
		};
		OBJ_57 /* Debug */ = {
			isa = XCBuildConfiguration;
			buildSettings = {
			};
			name = Debug;
		};
		OBJ_58 /* Release */ = {
			isa = XCBuildConfiguration;
			buildSettings = {
			};
			name = Release;
		};
		OBJ_62 /* Debug */ = {
			isa = XCBuildConfiguration;
			buildSettings = {
				EMBEDDED_CONTENT_CONTAINS_SWIFT = YES;
				FRAMEWORK_SEARCH_PATHS = (
					"$(inherited)",
					"$(PLATFORM_DIR)/Developer/Library/Frameworks",
				);
				HEADER_SEARCH_PATHS = "$(inherited)";
				INFOPLIST_FILE = Ocean.xcodeproj/OceanTests_Info.plist;
				LD_RUNPATH_SEARCH_PATHS = "$(inherited) @loader_path/../Frameworks @loader_path/Frameworks";
				OTHER_CFLAGS = "$(inherited)";
				OTHER_LDFLAGS = "$(inherited)";
				OTHER_SWIFT_FLAGS = "$(inherited)";
				SWIFT_ACTIVE_COMPILATION_CONDITIONS = "$(inherited)";
				SWIFT_VERSION = 4.2.0;
				TARGET_NAME = OceanTests;
			};
			name = Debug;
		};
		OBJ_63 /* Release */ = {
			isa = XCBuildConfiguration;
			buildSettings = {
				EMBEDDED_CONTENT_CONTAINS_SWIFT = YES;
				FRAMEWORK_SEARCH_PATHS = (
					"$(inherited)",
					"$(PLATFORM_DIR)/Developer/Library/Frameworks",
				);
				HEADER_SEARCH_PATHS = "$(inherited)";
				INFOPLIST_FILE = Ocean.xcodeproj/OceanTests_Info.plist;
				LD_RUNPATH_SEARCH_PATHS = "$(inherited) @loader_path/../Frameworks @loader_path/Frameworks";
				OTHER_CFLAGS = "$(inherited)";
				OTHER_LDFLAGS = "$(inherited)";
				OTHER_SWIFT_FLAGS = "$(inherited)";
				SWIFT_ACTIVE_COMPILATION_CONDITIONS = "$(inherited)";
				SWIFT_VERSION = 4.2.0;
				TARGET_NAME = OceanTests;
			};
			name = Release;
		};
		OBJ_72 /* Debug */ = {
			isa = XCBuildConfiguration;
			buildSettings = {
				ENABLE_TESTABILITY = YES;
				FRAMEWORK_SEARCH_PATHS = (
					"$(inherited)",
					"$(PLATFORM_DIR)/Developer/Library/Frameworks",
				);
				HEADER_SEARCH_PATHS = "$(inherited)";
				INFOPLIST_FILE = Ocean.xcodeproj/Swim_Info.plist;
				LD_RUNPATH_SEARCH_PATHS = "$(inherited) $(TOOLCHAIN_DIR)/usr/lib/swift/macosx";
				OTHER_CFLAGS = "$(inherited)";
				OTHER_LDFLAGS = "$(inherited)";
				OTHER_SWIFT_FLAGS = "$(inherited)";
				PRODUCT_BUNDLE_IDENTIFIER = Swim;
				PRODUCT_MODULE_NAME = "$(TARGET_NAME:c99extidentifier)";
				PRODUCT_NAME = "$(TARGET_NAME:c99extidentifier)";
				SKIP_INSTALL = YES;
				SWIFT_ACTIVE_COMPILATION_CONDITIONS = "$(inherited)";
				SWIFT_VERSION = 4.2.0;
				TARGET_NAME = Swim;
			};
			name = Debug;
		};
		OBJ_73 /* Release */ = {
			isa = XCBuildConfiguration;
			buildSettings = {
				ENABLE_TESTABILITY = YES;
				FRAMEWORK_SEARCH_PATHS = (
					"$(inherited)",
					"$(PLATFORM_DIR)/Developer/Library/Frameworks",
				);
				HEADER_SEARCH_PATHS = "$(inherited)";
				INFOPLIST_FILE = Ocean.xcodeproj/Swim_Info.plist;
				LD_RUNPATH_SEARCH_PATHS = "$(inherited) $(TOOLCHAIN_DIR)/usr/lib/swift/macosx";
				OTHER_CFLAGS = "$(inherited)";
				OTHER_LDFLAGS = "$(inherited)";
				OTHER_SWIFT_FLAGS = "$(inherited)";
				PRODUCT_BUNDLE_IDENTIFIER = Swim;
				PRODUCT_MODULE_NAME = "$(TARGET_NAME:c99extidentifier)";
				PRODUCT_NAME = "$(TARGET_NAME:c99extidentifier)";
				SKIP_INSTALL = YES;
				SWIFT_ACTIVE_COMPILATION_CONDITIONS = "$(inherited)";
				SWIFT_VERSION = 4.2.0;
				TARGET_NAME = Swim;
			};
			name = Release;
		};
		OBJ_80 /* Debug */ = {
			isa = XCBuildConfiguration;
			buildSettings = {
				LD = /usr/bin/true;
				OTHER_SWIFT_FLAGS = "-swift-version 4.2 -I $(TOOLCHAIN_DIR)/usr/lib/swift/pm/4_2 -target x86_64-apple-macosx10.10 -sdk /Users/tomohiro/Applications/Xcode-beta.app/Contents/Developer/Platforms/MacOSX.platform/Developer/SDKs/MacOSX10.14.sdk";
				SWIFT_VERSION = 4_2.0;
			};
			name = Debug;
		};
		OBJ_81 /* Release */ = {
			isa = XCBuildConfiguration;
			buildSettings = {
				LD = /usr/bin/true;
				OTHER_SWIFT_FLAGS = "-swift-version 4.2 -I $(TOOLCHAIN_DIR)/usr/lib/swift/pm/4_2 -target x86_64-apple-macosx10.10 -sdk /Users/tomohiro/Applications/Xcode-beta.app/Contents/Developer/Platforms/MacOSX.platform/Developer/SDKs/MacOSX10.14.sdk";
				SWIFT_VERSION = 4_2.0;
			};
			name = Release;
		};
/* End XCBuildConfiguration section */

/* Begin XCConfigurationList section */
		OBJ_2 /* Build configuration list for PBXProject "Ocean" */ = {
			isa = XCConfigurationList;
			buildConfigurations = (
				OBJ_3 /* Debug */,
				OBJ_4 /* Release */,
			);
			defaultConfigurationIsVisible = 0;
			defaultConfigurationName = Release;
		};
		OBJ_33 /* Build configuration list for PBXNativeTarget "Ocean" */ = {
			isa = XCConfigurationList;
			buildConfigurations = (
				OBJ_34 /* Debug */,
				OBJ_35 /* Release */,
			);
			defaultConfigurationIsVisible = 0;
			defaultConfigurationName = Release;
		};
		OBJ_50 /* Build configuration list for PBXNativeTarget "OceanPackageDescription" */ = {
			isa = XCConfigurationList;
			buildConfigurations = (
				OBJ_51 /* Debug */,
				OBJ_52 /* Release */,
			);
			defaultConfigurationIsVisible = 0;
			defaultConfigurationName = Release;
		};
		OBJ_56 /* Build configuration list for PBXAggregateTarget "OceanPackageTests" */ = {
			isa = XCConfigurationList;
			buildConfigurations = (
				OBJ_57 /* Debug */,
				OBJ_58 /* Release */,
			);
			defaultConfigurationIsVisible = 0;
			defaultConfigurationName = Release;
		};
		OBJ_61 /* Build configuration list for PBXNativeTarget "OceanTests" */ = {
			isa = XCConfigurationList;
			buildConfigurations = (
				OBJ_62 /* Debug */,
				OBJ_63 /* Release */,
			);
			defaultConfigurationIsVisible = 0;
			defaultConfigurationName = Release;
		};
		OBJ_71 /* Build configuration list for PBXNativeTarget "Swim" */ = {
			isa = XCConfigurationList;
			buildConfigurations = (
				OBJ_72 /* Debug */,
				OBJ_73 /* Release */,
			);
			defaultConfigurationIsVisible = 0;
			defaultConfigurationName = Release;
		};
		OBJ_79 /* Build configuration list for PBXNativeTarget "SwimPackageDescription" */ = {
			isa = XCConfigurationList;
			buildConfigurations = (
				OBJ_80 /* Debug */,
				OBJ_81 /* Release */,
			);
			defaultConfigurationIsVisible = 0;
			defaultConfigurationName = Release;
		};
/* End XCConfigurationList section */
	};
	rootObject = OBJ_1 /* Project object */;
}
